{
    "name": "sudoku-solver-wasm",
    "version": "1.3.1",
    "lockfileVersion": 3,
    "requires": true,
    "packages": {
        "": {
            "name": "sudoku-solver-wasm",
            "version": "1.3.1",
            "dependencies": {
                "sudoku-solver-wasm": "^1.1.0"
            },
            "devDependencies": {
                "typescript": "^5.0.0"
            }
        },
        "node_modules/sudoku-solver-wasm": {
            "version": "1.1.0",
            "resolved": "https://registry.npmjs.org/sudoku-solver-wasm/-/sudoku-solver-wasm-1.1.0.tgz",
            "integrity": "sha512-FX2cGrLCtGpo0iTE8K3TgKBRkoQNRCUDW0wxLg+O6h14c8JobB6g5XQt4eNjZT3mtBDIRc2HMyws7pmfz+aLWw=="
        },
        "node_modules/typescript": {
            "version": "5.9.3",
            "resolved": "https://registry.npmjs.org/typescript/-/typescript-5.9.3.tgz",
            "integrity": "sha512-jl1vZzPDinLr9eUt3J/t7V6FgNEw9QjvBPdysz9KfQDD41fQrC2Y4vKQdiaUpFT4bXlb1RHhLpp8wtm6M5TgSw==",
            "dev": true,
            "license": "Apache-2.0",
            "bin": {
                "tsc": "bin/tsc",
                "tsserver": "bin/tsserver"
            },
            "engines": {
                "node": ">=14.17"
            }
        }
    }
}
